<?xml version="1.0" encoding="utf-8"?>
<Project ToolsVersion="4.0" xmlns="http://schemas.microsoft.com/developer/msbuild/2003">
  <ItemGroup>
    <Filter Include="Fichiers sources">
      <UniqueIdentifier>{4FC737F1-C7A5-4376-A066-2A32D752A2FF}</UniqueIdentifier>
      <Extensions>cpp;c;cc;cxx;c++;cppm;ixx;def;odl;idl;hpj;bat;asm;asmx</Extensions>
    </Filter>
    <Filter Include="Fichiers d%27en-tête">
      <UniqueIdentifier>{93995380-89BD-4b04-88EB-625FBE52EBFB}</UniqueIdentifier>
      <Extensions>h;hh;hpp;hxx;h++;hm;inl;inc;ipp;xsd</Extensions>
    </Filter>
    <Filter Include="Fichiers de ressources">
      <UniqueIdentifier>{67DA6AB6-F800-4c08-8B7A-83BB121AAD01}</UniqueIdentifier>
      <Extensions>rc;ico;cur;bmp;dlg;rc2;rct;bin;rgs;gif;jpg;jpeg;jpe;resx;tiff;tif;png;wav;mfcribbon-ms</Extensions>
    </Filter>
    <Filter Include="Fichiers sources\imgui">
      <UniqueIdentifier>{1731711b-4ffb-48dd-919f-f384cf00e8dd}</UniqueIdentifier>
    </Filter>
    <Filter Include="Fichiers d%27en-tête\imgui">
      <UniqueIdentifier>{0f756d68-1e10-4c2b-8115-ace3652c9d62}</UniqueIdentifier>
    </Filter>
    <Filter Include="Fichiers sources\rendering">
      <UniqueIdentifier>{d41b4b24-0a96-4d12-b6cb-d45be04c0a63}</UniqueIdentifier>
    </Filter>
    <Filter Include="Fichiers sources\physics">
      <UniqueIdentifier>{a4274850-9639-4d99-862d-a10035e3d4ca}</UniqueIdentifier>
    </Filter>
    <Filter Include="Fichiers sources\math">
      <UniqueIdentifier>{932a29a1-ba0a-4f89-8130-ba93dabc79ee}</UniqueIdentifier>
    </Filter>
  </ItemGroup>
  <ItemGroup>
    <ClCompile Include="src\main.cpp">
      <Filter>Fichiers sources</Filter>
    </ClCompile>
    <ClCompile Include="src\rendering\scene.cpp">
      <Filter>Fichiers sources</Filter>
    </ClCompile>
    <ClCompile Include="include\imgui\imgui.cpp">
      <Filter>Fichiers sources\imgui</Filter>
    </ClCompile>
    <ClCompile Include="include\imgui\imgui_demo.cpp">
      <Filter>Fichiers sources\imgui</Filter>
    </ClCompile>
    <ClCompile Include="include\imgui\imgui_draw.cpp">
      <Filter>Fichiers sources\imgui</Filter>
    </ClCompile>
    <ClCompile Include="include\imgui\imgui_impl_opengl3.cpp">
      <Filter>Fichiers sources\imgui</Filter>
    </ClCompile>
    <ClCompile Include="include\imgui\imgui_impl_sdl.cpp">
      <Filter>Fichiers sources\imgui</Filter>
    </ClCompile>
    <ClCompile Include="include\imgui\imgui_tables.cpp">
      <Filter>Fichiers sources\imgui</Filter>
    </ClCompile>
    <ClCompile Include="include\imgui\imgui_widgets.cpp">
      <Filter>Fichiers sources\imgui</Filter>
    </ClCompile>
    <ClCompile Include="src\Physics\forcesRegister.cpp">
      <Filter>Fichiers sources\physics</Filter>
    </ClCompile>
    <ClCompile Include="src\Physics\Particle.cpp">
      <Filter>Fichiers sources\physics</Filter>
    </ClCompile>
    <ClCompile Include="src\Physics\ParticleCable.cpp">
      <Filter>Fichiers sources\physics</Filter>
    </ClCompile>
    <ClCompile Include="src\Physics\particleAnchoredSpringGenerator.cpp">
      <Filter>Fichiers sources\physics</Filter>
    </ClCompile>
    <ClCompile Include="src\Physics\ParticleContact.cpp">
      <Filter>Fichiers sources\physics</Filter>
    </ClCompile>
    <ClCompile Include="src\Physics\ParticleContactGenerator.cpp">
      <Filter>Fichiers sources\physics</Filter>
    </ClCompile>
    <ClCompile Include="src\Physics\particleContactSolver.cpp">
      <Filter>Fichiers sources\physics</Filter>
    </ClCompile>
    <ClCompile Include="src\Physics\particleDampingGenerator.cpp">
      <Filter>Fichiers sources\physics</Filter>
    </ClCompile>
    <ClCompile Include="src\Physics\particleGravityGenerator.cpp">
      <Filter>Fichiers sources\physics</Filter>
    </ClCompile>
    <ClCompile Include="src\Physics\ParticleLink.cpp">
      <Filter>Fichiers sources\physics</Filter>
    </ClCompile>
    <ClCompile Include="src\Physics\ParticleRod.cpp">
      <Filter>Fichiers sources\physics</Filter>
    </ClCompile>
    <ClCompile Include="src\Physics\particleSpringGenerator.cpp">
      <Filter>Fichiers sources\physics</Filter>
    </ClCompile>
    <ClCompile Include="src\Physics\AABB.cpp">
      <Filter>Fichiers sources\physics</Filter>
    </ClCompile>
    <ClCompile Include="src\rendering\camera.cpp">
      <Filter>Fichiers sources\rendering</Filter>
    </ClCompile>
    <ClCompile Include="src\rendering\EBO.cpp">
      <Filter>Fichiers sources\rendering</Filter>
    </ClCompile>
    <ClCompile Include="src\rendering\renderer.cpp">
      <Filter>Fichiers sources\rendering</Filter>
    </ClCompile>
    <ClCompile Include="src\rendering\shader.cpp">
      <Filter>Fichiers sources\rendering</Filter>
    </ClCompile>
    <ClCompile Include="src\rendering\sphere.cpp">
      <Filter>Fichiers sources\rendering</Filter>
    </ClCompile>
    <ClCompile Include="src\rendering\stb.cpp">
      <Filter>Fichiers sources\rendering</Filter>
    </ClCompile>
    <ClCompile Include="src\rendering\VAO.cpp">
      <Filter>Fichiers sources\rendering</Filter>
    </ClCompile>
    <ClCompile Include="src\rendering\VBO.cpp">
      <Filter>Fichiers sources\rendering</Filter>
    </ClCompile>
    <ClCompile Include="src\Physics\particleArchimedeGenerator.cpp">
      <Filter>Fichiers sources\physics</Filter>
    </ClCompile>
    <ClCompile Include="src\Physics\particleBungeeGenerator.cpp">
      <Filter>Fichiers sources\physics</Filter>
    </ClCompile>
    <ClCompile Include="src\tests\testvector.cpp">
      <Filter>Fichiers sources\math</Filter>
    </ClCompile>
    <ClCompile Include="src\math\Matrix4.cpp">
      <Filter>Fichiers sources\math</Filter>
    </ClCompile>
    <ClCompile Include="src\math\Vector3D.cpp">
      <Filter>Fichiers sources\math</Filter>
    </ClCompile>
    <ClCompile Include="src\math\Matrix3.cpp">
      <Filter>Fichiers sources</Filter>
    </ClCompile>
  </ItemGroup>
  <ItemGroup>
    <ClInclude Include="src\Physics\Particle.h">
      <Filter>Fichiers d%27en-tête</Filter>
    </ClInclude>
    <ClInclude Include="src\Physics\Particle.h">
      <Filter>Fichiers sources</Filter>
    </ClInclude>
    <ClInclude Include="include\imgui\imconfig.h">
      <Filter>Fichiers d%27en-tête\imgui</Filter>
    </ClInclude>
    <ClInclude Include="include\imgui\imgui.h">
      <Filter>Fichiers d%27en-tête\imgui</Filter>
    </ClInclude>
    <ClInclude Include="include\imgui\imgui_impl_opengl3.h">
      <Filter>Fichiers d%27en-tête\imgui</Filter>
    </ClInclude>
    <ClInclude Include="include\imgui\imgui_impl_opengl3_loader.h">
      <Filter>Fichiers d%27en-tête\imgui</Filter>
    </ClInclude>
    <ClInclude Include="include\imgui\imgui_impl_sdl.h">
      <Filter>Fichiers d%27en-tête\imgui</Filter>
    </ClInclude>
    <ClInclude Include="include\imgui\imgui_internal.h">
      <Filter>Fichiers d%27en-tête\imgui</Filter>
    </ClInclude>
    <ClInclude Include="include\imgui\imstb_rectpack.h">
      <Filter>Fichiers d%27en-tête\imgui</Filter>
    </ClInclude>
    <ClInclude Include="include\imgui\imstb_textedit.h">
      <Filter>Fichiers d%27en-tête\imgui</Filter>
    </ClInclude>
    <ClInclude Include="include\imgui\imstb_truetype.h">
      <Filter>Fichiers d%27en-tête\imgui</Filter>
    </ClInclude>
    <ClInclude Include="src\rendering\camera.h">
      <Filter>Fichiers d%27en-tête</Filter>
    </ClInclude>
    <ClInclude Include="src\rendering\EBO.h">
      <Filter>Fichiers d%27en-tête</Filter>
    </ClInclude>
    <ClInclude Include="src\rendering\renderer.h">
      <Filter>Fichiers d%27en-tête</Filter>
    </ClInclude>
    <ClInclude Include="src\rendering\scene.h">
      <Filter>Fichiers d%27en-tête</Filter>
    </ClInclude>
    <ClInclude Include="src\rendering\shader.h">
      <Filter>Fichiers d%27en-tête</Filter>
    </ClInclude>
    <ClInclude Include="src\rendering\sphere.h">
      <Filter>Fichiers d%27en-tête</Filter>
    </ClInclude>
    <ClInclude Include="src\rendering\VAO.h">
      <Filter>Fichiers d%27en-tête</Filter>
    </ClInclude>
    <ClInclude Include="src\rendering\VBO.h">
      <Filter>Fichiers d%27en-tête</Filter>
    </ClInclude>
    <ClInclude Include="src\Physics\particleGravityGenerator.h">
      <Filter>Fichiers d%27en-tête</Filter>
    </ClInclude>
    <ClInclude Include="src\Physics\forcesRegister.h">
      <Filter>Fichiers d%27en-tête</Filter>
    </ClInclude>
    <ClInclude Include="src\Physics\particleDampingGenerator.h">
      <Filter>Fichiers d%27en-tête</Filter>
    </ClInclude>
    <ClInclude Include="src\Physics\particleAnchoredSpringGenerator.h">
      <Filter>Fichiers d%27en-tête</Filter>
    </ClInclude>
    <ClInclude Include="src\Physics\particleSpringGenerator.h">
      <Filter>Fichiers d%27en-tête</Filter>
    </ClInclude>
    <ClInclude Include="src\Physics\ParticleContact.h">
      <Filter>Fichiers d%27en-tête</Filter>
    </ClInclude>
    <ClInclude Include="src\Physics\particleContactSolver.h">
      <Filter>Fichiers d%27en-tête</Filter>
    </ClInclude>
    <ClInclude Include="src\Physics\ParticleContactGenerator.h">
      <Filter>Fichiers d%27en-tête</Filter>
    </ClInclude>
    <ClInclude Include="src\Physics\AABB.h">
      <Filter>Fichiers d%27en-tête</Filter>
    </ClInclude>
    <ClInclude Include="src\Physics\ParticleCable.h">
      <Filter>Fichiers d%27en-tête</Filter>
    </ClInclude>
    <ClInclude Include="src\Physics\ParticleLink.h">
      <Filter>Fichiers d%27en-tête</Filter>
    </ClInclude>
    <ClInclude Include="src\Physics\ParticleRod.h">
      <Filter>Fichiers d%27en-tête</Filter>
    </ClInclude>
    <ClInclude Include="src\Physics\particleArchimedeGenerator.h">
      <Filter>Fichiers d%27en-tête</Filter>
    </ClInclude>
    <ClInclude Include="src\Physics\particleBungeeGenerator.h">
      <Filter>Fichiers d%27en-tête</Filter>
    </ClInclude>
    <ClInclude Include="src\math\Matrix4.h">
      <Filter>Fichiers d%27en-tête</Filter>
    </ClInclude>
    <ClInclude Include="src\math\Vector3D.h">
      <Filter>Fichiers d%27en-tête</Filter>
    </ClInclude>
    <ClInclude Include="src\math\Matrix3.h">
      <Filter>Fichiers d%27en-tête</Filter>
    </ClInclude>
  </ItemGroup>
  <ItemGroup>
    <None Include="resources\default.frag">
      <Filter>Fichiers de ressources</Filter>
    </None>
    <None Include="resources\default.vert">
      <Filter>Fichiers de ressources</Filter>
    </None>
    <None Include="resources\grid.frag">
      <Filter>Fichiers de ressources</Filter>
    </None>
    <None Include="resources\grid.vert">
      <Filter>Fichiers de ressources</Filter>
    </None>
    <None Include="resources\map.frag">
      <Filter>Fichiers de ressources</Filter>
    </None>
    <None Include="resources\map.vert">
      <Filter>Fichiers de ressources</Filter>
    </None>
  </ItemGroup>
  <ItemGroup>
    <CopyFileToFolders Include="bin\glew32.dll">
      <Filter>Fichiers de ressources</Filter>
    </CopyFileToFolders>
    <CopyFileToFolders Include="bin\SDL2.dll">
      <Filter>Fichiers de ressources</Filter>
    </CopyFileToFolders>
  </ItemGroup>
  <ItemGroup>
    <Image Include="resources\test.png">
      <Filter>Fichiers de ressources</Filter>
    </Image>
  </ItemGroup>
</Project>